
Microsoft Visual Studio Solution File, Format Version 12.00
# Visual Studio Version 16
VisualStudioVersion = 16.0.30907.101
MinimumVisualStudioVersion = 10.0.40219.1
Project("{FAE04EC0-301F-11D3-BF4B-00C04F79EFBC}") = "MyASPMVC", "MyASPMVC\MyASPMVC.csproj", "{26D67AC0-17B5-4E0C-BC62-3F45913CDFDB}"
EndProject
Project("{FAE04EC0-301F-11D3-BF4B-00C04F79EFBC}") = "DatabaseProvider0", "DatabaseProvider0\DatabaseProvider0.csproj", "{2F23C3EE-E7A2-44F7-8641-E77BF9A69802}"
EndProject
Project("{FAE04EC0-301F-11D3-BF4B-00C04F79EFBC}") = "DatabaseIO", "DatabaseIO\DatabaseIO.csproj", "{7CB909E7-7CCC-4782-BD6F-14AF51586A73}"
EndProject
Global
	GlobalSection(SolutionConfigurationPlatforms) = preSolution
		Debug|Any CPU = Debug|Any CPU
		Release|Any CPU = Release|Any CPU
	EndGlobalSection
	GlobalSection(ProjectConfigurationPlatforms) = postSolution
		{26D67AC0-17B5-4E0C-BC62-3F45913CDFDB}.Debug|Any CPU.ActiveCfg = Debug|Any CPU
		{26D67AC0-17B5-4E0C-BC62-3F45913CDFDB}.Debug|Any CPU.Build.0 = Debug|Any CPU
		{26D67AC0-17B5-4E0C-BC62-3F45913CDFDB}.Release|Any CPU.ActiveCfg = Release|Any CPU
		{26D67AC0-17B5-4E0C-BC62-3F45913CDFDB}.Release|Any CPU.Build.0 = Release|Any CPU
		{2F23C3EE-E7A2-44F7-8641-E77BF9A69802}.Debug|Any CPU.ActiveCfg = Debug|Any CPU
		{2F23C3EE-E7A2-44F7-8641-E77BF9A69802}.Debug|Any CPU.Build.0 = Debug|Any CPU
		{2F23C3EE-E7A2-44F7-8641-E77BF9A69802}.Release|Any CPU.ActiveCfg = Release|Any CPU
		{2F23C3EE-E7A2-44F7-8641-E77BF9A69802}.Release|Any CPU.Build.0 = Release|Any CPU
		{7CB909E7-7CCC-4782-BD6F-14AF51586A73}.Debug|Any CPU.ActiveCfg = Debug|Any CPU
		{7CB909E7-7CCC-4782-BD6F-14AF51586A73}.Debug|Any CPU.Build.0 = Debug|Any CPU
		{7CB909E7-7CCC-4782-BD6F-14AF51586A73}.Release|Any CPU.ActiveCfg = Release|Any CPU
		{7CB909E7-7CCC-4782-BD6F-14AF51586A73}.Release|Any CPU.Build.0 = Release|Any CPU
	EndGlobalSection
	GlobalSection(SolutionProperties) = preSolution
		HideSolutionNode = FALSE
	EndGlobalSection
	GlobalSection(ExtensibilityGlobals) = postSolution
		SolutionGuid = {8EAE7453-DBB7-46F2-BD9D-DC7905E27BF5}
	EndGlobalSection
EndGlobal
