
Microsoft Visual Studio Solution File, Format Version 12.00
# Visual Studio Version 16
VisualStudioVersion = 16.0.30907.101
MinimumVisualStudioVersion = 10.0.40219.1
Project("{FAE04EC0-301F-11D3-BF4B-00C04F79EFBC}") = "DinhThiThao", "DinhThiThao\DinhThiThao.csproj", "{623C6921-97F8-42B6-8666-121483892A4F}"
EndProject
Global
	GlobalSection(SolutionConfigurationPlatforms) = preSolution
		Debug|Any CPU = Debug|Any CPU
		Release|Any CPU = Release|Any CPU
	EndGlobalSection
	GlobalSection(ProjectConfigurationPlatforms) = postSolution
		{623C6921-97F8-42B6-8666-121483892A4F}.Debug|Any CPU.ActiveCfg = Debug|Any CPU
		{623C6921-97F8-42B6-8666-121483892A4F}.Debug|Any CPU.Build.0 = Debug|Any CPU
		{623C6921-97F8-42B6-8666-121483892A4F}.Release|Any CPU.ActiveCfg = Release|Any CPU
		{623C6921-97F8-42B6-8666-121483892A4F}.Release|Any CPU.Build.0 = Release|Any CPU
	EndGlobalSection
	GlobalSection(SolutionProperties) = preSolution
		HideSolutionNode = FALSE
	EndGlobalSection
	GlobalSection(ExtensibilityGlobals) = postSolution
		SolutionGuid = {F00AEF31-2239-42FA-8244-1219B7B753FB}
	EndGlobalSection
EndGlobal
